PODS:
  - Alamofire (4.8.2)
  - AlamofireObjectMapper (5.2.1):
    - Alamofire (~> 4.7)
    - ObjectMapper (~> 3.4)
  - MemeteoClient (0.1.0):
    - Alamofire (= 4.8.2)
    - AlamofireObjectMapper (= 5.2.1)
    - ObjectMapper (= 3.4.2)
    - SwiftyJSON (~> 4.1.0)
  - ObjectMapper (3.4.2)
  - ReachabilitySwift (5.0.0)
  - SwiftyJSON (4.1.0)

DEPENDENCIES:
  - MemeteoClient (from `../memeteo-ios-client/`)
  - ReachabilitySwift

SPEC REPOS:
  trunk:
    - Alamofire
    - AlamofireObjectMapper
    - ObjectMapper
    - ReachabilitySwift
    - SwiftyJSON

EXTERNAL SOURCES:
  MemeteoClient:
    :path: "../memeteo-ios-client/"

SPEC CHECKSUMS:
  Alamofire: ae5c501addb7afdbb13687d7f2f722c78734c2d3
  AlamofireObjectMapper: 1989f690e982b71921b9253f53a4f33a9bc00d88
  MemeteoClient: e45771e28649530593ec686c24b930ed6b809382
  ObjectMapper: 0d4402610f4e468903ae64629eec4784531e5c51
  ReachabilitySwift: 985039c6f7b23a1da463388634119492ff86c825
  SwiftyJSON: c29297daf073d2aa016295d5809cdd68045c39b3

PODFILE CHECKSUM: e8537923be017a2a5ad91079e8d4e8c6b40934fb

COCOAPODS: 1.11.2
